
Microsoft Visual Studio Solution File, Format Version 12.00
# Visual Studio Version 16
VisualStudioVersion = 16.0.29306.81
MinimumVisualStudioVersion = 10.0.40219.1
Project("{8BC9CEB8-8B4A-11D0-8D11-00A0C91BC942}") = "FB", "FB\FB.vcxproj", "{F6657260-2129-4813-B994-251A1DDE9E0A}"
EndProject
Global
	GlobalSection(SolutionConfigurationPlatforms) = preSolution
		Debug|x64 = Debug|x64
		Debug|x86 = Debug|x86
		Release|x64 = Release|x64
		Release|x86 = Release|x86
	EndGlobalSection
	GlobalSection(ProjectConfigurationPlatforms) = postSolution
		{F6657260-2129-4813-B994-251A1DDE9E0A}.Debug|x64.ActiveCfg = Debug|x64
		{F6657260-2129-4813-B994-251A1DDE9E0A}.Debug|x64.Build.0 = Debug|x64
		{F6657260-2129-4813-B994-251A1DDE9E0A}.Debug|x86.ActiveCfg = Debug|Win32
		{F6657260-2129-4813-B994-251A1DDE9E0A}.Debug|x86.Build.0 = Debug|Win32
		{F6657260-2129-4813-B994-251A1DDE9E0A}.Release|x64.ActiveCfg = Release|x64
		{F6657260-2129-4813-B994-251A1DDE9E0A}.Release|x64.Build.0 = Release|x64
		{F6657260-2129-4813-B994-251A1DDE9E0A}.Release|x86.ActiveCfg = Release|Win32
		{F6657260-2129-4813-B994-251A1DDE9E0A}.Release|x86.Build.0 = Release|Win32
	EndGlobalSection
	GlobalSection(SolutionProperties) = preSolution
		HideSolutionNode = FALSE
	EndGlobalSection
	GlobalSection(ExtensibilityGlobals) = postSolution
		SolutionGuid = {413B6CE1-1C2F-4D65-91AD-D8F50F8B68A8}
	EndGlobalSection
EndGlobal
